
Microsoft Visual Studio Solution File, Format Version 12.00
# Visual Studio 15
VisualStudioVersion = 15.0.26206.0
MinimumVisualStudioVersion = 10.0.40219.1
Project("{FAE04EC0-301F-11D3-BF4B-00C04F79EFBC}") = "aspFullTest8d4f0416", "aspFullTest8d4f0416\aspFullTest8d4f0416.csproj", "{eaa8ade0-3c56-4bc8-8d46-c679e4baf38e}"
EndProject
Project("{FAE04EC0-301F-11D3-BF4B-00C04F79EFBC}") = "aspFullTest8d4f0416.Tests", "aspFullTest8d4f0416.Tests\aspFullTest8d4f0416.Tests.csproj", "{c5229fbf-fde6-42a0-ad6d-bcf16fc127bd}"
EndProject
Project("{151D2E53-A2C4-4D7D-83FE-D05416EBD58E}") = "aspFullTest8d4f0416.IaC", "aspFullTest8d4f0416.IaC\aspFullTest8d4f0416.IaC.deployproj", "{f5adb943-6d47-4be2-bd60-6845685bb011}"
EndProject
Global
	GlobalSection(SolutionConfigurationPlatforms) = preSolution
		Debug|Any CPU = Debug|Any CPU
		Release|Any CPU = Release|Any CPU
	EndGlobalSection
	GlobalSection(ProjectConfigurationPlatforms) = postSolution
		{eaa8ade0-3c56-4bc8-8d46-c679e4baf38e}.Debug|Any CPU.ActiveCfg = Debug|Any CPU
		{eaa8ade0-3c56-4bc8-8d46-c679e4baf38e}.Debug|Any CPU.Build.0 = Debug|Any CPU
		{eaa8ade0-3c56-4bc8-8d46-c679e4baf38e}.Release|Any CPU.ActiveCfg = Release|Any CPU
		{eaa8ade0-3c56-4bc8-8d46-c679e4baf38e}.Release|Any CPU.Build.0 = Release|Any CPU
		{c5229fbf-fde6-42a0-ad6d-bcf16fc127bd}.Debug|Any CPU.ActiveCfg = Debug|Any CPU
		{c5229fbf-fde6-42a0-ad6d-bcf16fc127bd}.Debug|Any CPU.Build.0 = Debug|Any CPU
		{c5229fbf-fde6-42a0-ad6d-bcf16fc127bd}.Release|Any CPU.ActiveCfg = Release|Any CPU
		{c5229fbf-fde6-42a0-ad6d-bcf16fc127bd}.Release|Any CPU.Build.0 = Release|Any CPU
		{f5adb943-6d47-4be2-bd60-6845685bb011}.Debug|Any CPU.ActiveCfg = Debug|Any CPU
		{f5adb943-6d47-4be2-bd60-6845685bb011}.Debug|Any CPU.Build.0 = Debug|Any CPU
		{f5adb943-6d47-4be2-bd60-6845685bb011}.Release|Any CPU.ActiveCfg = Release|Any CPU
		{f5adb943-6d47-4be2-bd60-6845685bb011}.Release|Any CPU.Build.0 = Release|Any CPU
	EndGlobalSection
	GlobalSection(SolutionProperties) = preSolution
		HideSolutionNode = FALSE
	EndGlobalSection
EndGlobal
