Microsoft Visual Studio Solution File, Format Version 12.00
# Visual Studio 15
VisualStudioVersion = 15.0.26124.0
MinimumVisualStudioVersion = 15.0.26124.0
Project("{2150E333-8FDC-42A3-9474-1A3956D46DE8}") = "src", "src", "{<%= srcFolderGuid %>}"
EndProject
Project("{FAE04EC0-301F-11D3-BF4B-00C04F79EFBC}") = "<%= name %>", "src\<%= name %>\<%= name %>.csproj", "{<%= appGuid %>}"
EndProject
Project("{FAE04EC0-301F-11D3-BF4B-00C04F79EFBC}") = "<%= name %>.Tests", "src\<%= name %>.Tests\<%= name %>.Tests.csproj", "{<%= testsGuid %>}"
EndProject
Global
	GlobalSection(SolutionConfigurationPlatforms) = preSolution
		Debug|Any CPU = Debug|Any CPU
		Debug|x64 = Debug|x64
		Debug|x86 = Debug|x86
		Release|Any CPU = Release|Any CPU
		Release|x64 = Release|x64
		Release|x86 = Release|x86
	EndGlobalSection
	GlobalSection(ProjectConfigurationPlatforms) = postSolution
		{<%= appGuid %>}.Debug|Any CPU.ActiveCfg = Debug|Any CPU
		{<%= appGuid %>}.Debug|Any CPU.Build.0 = Debug|Any CPU
		{<%= appGuid %>}.Debug|x64.ActiveCfg = Debug|Any CPU
		{<%= appGuid %>}.Debug|x64.Build.0 = Debug|Any CPU
		{<%= appGuid %>}.Debug|x86.ActiveCfg = Debug|Any CPU
		{<%= appGuid %>}.Debug|x86.Build.0 = Debug|Any CPU
		{<%= appGuid %>}.Release|Any CPU.ActiveCfg = Release|Any CPU
		{<%= appGuid %>}.Release|Any CPU.Build.0 = Release|Any CPU
		{<%= appGuid %>}.Release|x64.ActiveCfg = Release|Any CPU
		{<%= appGuid %>}.Release|x64.Build.0 = Release|Any CPU
		{<%= appGuid %>}.Release|x86.ActiveCfg = Release|Any CPU
		{<%= appGuid %>}.Release|x86.Build.0 = Release|Any CPU
		{<%= testsGuid %>}.Debug|Any CPU.ActiveCfg = Debug|Any CPU
		{<%= testsGuid %>}.Debug|Any CPU.Build.0 = Debug|Any CPU
		{<%= testsGuid %>}.Debug|x64.ActiveCfg = Debug|Any CPU
		{<%= testsGuid %>}.Debug|x64.Build.0 = Debug|Any CPU
		{<%= testsGuid %>}.Debug|x86.ActiveCfg = Debug|Any CPU
		{<%= testsGuid %>}.Debug|x86.Build.0 = Debug|Any CPU
		{<%= testsGuid %>}.Release|Any CPU.ActiveCfg = Release|Any CPU
		{<%= testsGuid %>}.Release|Any CPU.Build.0 = Release|Any CPU
		{<%= testsGuid %>}.Release|x64.ActiveCfg = Release|Any CPU
		{<%= testsGuid %>}.Release|x64.Build.0 = Release|Any CPU
		{<%= testsGuid %>}.Release|x86.ActiveCfg = Release|Any CPU
		{<%= testsGuid %>}.Release|x86.Build.0 = Release|Any CPU
	EndGlobalSection
	GlobalSection(SolutionProperties) = preSolution
		HideSolutionNode = FALSE
	EndGlobalSection
	GlobalSection(NestedProjects) = preSolution
		{<%= appGuid %>} = {<%= srcFolderGuid %>}
		{<%= testsGuid %>} = {<%= srcFolderGuid %>}
	EndGlobalSection
EndGlobal
