
Microsoft Visual Studio Solution File, Format Version 12.00
# Visual Studio 15
VisualStudioVersion = 15.0.26206.0
MinimumVisualStudioVersion = 10.0.40219.1
Project("{FAE04EC0-301F-11D3-BF4B-00C04F79EFBC}") = "aspFullTestd309bc60", "aspFullTestd309bc60\aspFullTestd309bc60.csproj", "{df4a24c5-2dc9-4e0f-9236-99810147a437}"
EndProject
Project("{FAE04EC0-301F-11D3-BF4B-00C04F79EFBC}") = "aspFullTestd309bc60.Tests", "aspFullTestd309bc60.Tests\aspFullTestd309bc60.Tests.csproj", "{ded61c4b-3b18-41fa-aa30-26a59e0a4a85}"
EndProject
Project("{151D2E53-A2C4-4D7D-83FE-D05416EBD58E}") = "aspFullTestd309bc60.IaC", "aspFullTestd309bc60.IaC\aspFullTestd309bc60.IaC.deployproj", "{50ec0cc8-4b6a-411f-bc22-f3ed5fadd4a1}"
EndProject
Global
	GlobalSection(SolutionConfigurationPlatforms) = preSolution
		Debug|Any CPU = Debug|Any CPU
		Release|Any CPU = Release|Any CPU
	EndGlobalSection
	GlobalSection(ProjectConfigurationPlatforms) = postSolution
		{df4a24c5-2dc9-4e0f-9236-99810147a437}.Debug|Any CPU.ActiveCfg = Debug|Any CPU
		{df4a24c5-2dc9-4e0f-9236-99810147a437}.Debug|Any CPU.Build.0 = Debug|Any CPU
		{df4a24c5-2dc9-4e0f-9236-99810147a437}.Release|Any CPU.ActiveCfg = Release|Any CPU
		{df4a24c5-2dc9-4e0f-9236-99810147a437}.Release|Any CPU.Build.0 = Release|Any CPU
		{ded61c4b-3b18-41fa-aa30-26a59e0a4a85}.Debug|Any CPU.ActiveCfg = Debug|Any CPU
		{ded61c4b-3b18-41fa-aa30-26a59e0a4a85}.Debug|Any CPU.Build.0 = Debug|Any CPU
		{ded61c4b-3b18-41fa-aa30-26a59e0a4a85}.Release|Any CPU.ActiveCfg = Release|Any CPU
		{ded61c4b-3b18-41fa-aa30-26a59e0a4a85}.Release|Any CPU.Build.0 = Release|Any CPU
		{50ec0cc8-4b6a-411f-bc22-f3ed5fadd4a1}.Debug|Any CPU.ActiveCfg = Debug|Any CPU
		{50ec0cc8-4b6a-411f-bc22-f3ed5fadd4a1}.Debug|Any CPU.Build.0 = Debug|Any CPU
		{50ec0cc8-4b6a-411f-bc22-f3ed5fadd4a1}.Release|Any CPU.ActiveCfg = Release|Any CPU
		{50ec0cc8-4b6a-411f-bc22-f3ed5fadd4a1}.Release|Any CPU.Build.0 = Release|Any CPU
	EndGlobalSection
	GlobalSection(SolutionProperties) = preSolution
		HideSolutionNode = FALSE
	EndGlobalSection
EndGlobal
